
Microsoft Visual Studio Solution File, Format Version 12.00
# Visual Studio Version 17
VisualStudioVersion = 17.8.34408.163
MinimumVisualStudioVersion = 10.0.40219.1
Project("{FAE04EC0-301F-11D3-BF4B-00C04F79EFBC}") = "TechUp", "TechUp.csproj", "{5C1C20A5-76C0-463F-9DEC-261BFD3BE53D}"
EndProject
Global
	GlobalSection(SolutionConfigurationPlatforms) = preSolution
		Debug|Any CPU = Debug|Any CPU
		Release|Any CPU = Release|Any CPU
	EndGlobalSection
	GlobalSection(ProjectConfigurationPlatforms) = postSolution
		{5C1C20A5-76C0-463F-9DEC-261BFD3BE53D}.Debug|Any CPU.ActiveCfg = Debug|Any CPU
		{5C1C20A5-76C0-463F-9DEC-261BFD3BE53D}.Debug|Any CPU.Build.0 = Debug|Any CPU
		{5C1C20A5-76C0-463F-9DEC-261BFD3BE53D}.Release|Any CPU.ActiveCfg = Release|Any CPU
		{5C1C20A5-76C0-463F-9DEC-261BFD3BE53D}.Release|Any CPU.Build.0 = Release|Any CPU
	EndGlobalSection
	GlobalSection(SolutionProperties) = preSolution
		HideSolutionNode = FALSE
	EndGlobalSection
	GlobalSection(ExtensibilityGlobals) = postSolution
		SolutionGuid = {F1DFDAA0-C874-412D-8FDD-7F7A499DAA3A}
	EndGlobalSection
EndGlobal
